
Microsoft Visual Studio Solution File, Format Version 12.00
# Visual Studio Version 16
VisualStudioVersion = 16.0.31410.357
MinimumVisualStudioVersion = 10.0.40219.1
Project("{FAE04EC0-301F-11D3-BF4B-00C04F79EFBC}") = "ImageMosaic", "ImageMosaic\ImageMosaic.csproj", "{0E5F7E81-DE24-4492-945D-43CFAAF55C6B}"
EndProject
Global
	GlobalSection(SolutionConfigurationPlatforms) = preSolution
		Debug|Any CPU = Debug|Any CPU
		Release|Any CPU = Release|Any CPU
	EndGlobalSection
	GlobalSection(ProjectConfigurationPlatforms) = postSolution
		{0E5F7E81-DE24-4492-945D-43CFAAF55C6B}.Debug|Any CPU.ActiveCfg = Debug|Any CPU
		{0E5F7E81-DE24-4492-945D-43CFAAF55C6B}.Debug|Any CPU.Build.0 = Debug|Any CPU
		{0E5F7E81-DE24-4492-945D-43CFAAF55C6B}.Release|Any CPU.ActiveCfg = Release|Any CPU
		{0E5F7E81-DE24-4492-945D-43CFAAF55C6B}.Release|Any CPU.Build.0 = Release|Any CPU
	EndGlobalSection
	GlobalSection(SolutionProperties) = preSolution
		HideSolutionNode = FALSE
	EndGlobalSection
	GlobalSection(ExtensibilityGlobals) = postSolution
		SolutionGuid = {5E411C3F-A648-4BEA-AA71-F2AC5F122912}
	EndGlobalSection
EndGlobal
